
Microsoft Visual Studio Solution File, Format Version 12.00
# Visual Studio Version 17
VisualStudioVersion = 17.3.32929.385
MinimumVisualStudioVersion = 10.0.40219.1
Project("{9A19103F-16F7-4668-BE54-9A1E7A4F7556}") = "WhiteHat", "WhiteHat\WhiteHat.csproj", "{EA77EF44-668A-45E2-B204-904C6799CB5B}"
EndProject
Project("{FAE04EC0-301F-11D3-BF4B-00C04F79EFBC}") = "WhiteHatApi", "WhiteHatApi\WhiteHatApi.csproj", "{CFDD8931-A944-4167-8D33-014F477779BF}"
EndProject
Global
	GlobalSection(SolutionConfigurationPlatforms) = preSolution
		Debug|Any CPU = Debug|Any CPU
		Release|Any CPU = Release|Any CPU
	EndGlobalSection
	GlobalSection(ProjectConfigurationPlatforms) = postSolution
		{EA77EF44-668A-45E2-B204-904C6799CB5B}.Debug|Any CPU.ActiveCfg = Debug|Any CPU
		{EA77EF44-668A-45E2-B204-904C6799CB5B}.Debug|Any CPU.Build.0 = Debug|Any CPU
		{EA77EF44-668A-45E2-B204-904C6799CB5B}.Release|Any CPU.ActiveCfg = Release|Any CPU
		{EA77EF44-668A-45E2-B204-904C6799CB5B}.Release|Any CPU.Build.0 = Release|Any CPU
		{CFDD8931-A944-4167-8D33-014F477779BF}.Debug|Any CPU.ActiveCfg = Debug|Any CPU
		{CFDD8931-A944-4167-8D33-014F477779BF}.Debug|Any CPU.Build.0 = Debug|Any CPU
		{CFDD8931-A944-4167-8D33-014F477779BF}.Release|Any CPU.ActiveCfg = Release|Any CPU
		{CFDD8931-A944-4167-8D33-014F477779BF}.Release|Any CPU.Build.0 = Release|Any CPU
	EndGlobalSection
	GlobalSection(SolutionProperties) = preSolution
		HideSolutionNode = FALSE
	EndGlobalSection
	GlobalSection(ExtensibilityGlobals) = postSolution
		SolutionGuid = {01A79C07-CE54-4778-8C0F-E2F4B8F1C593}
	EndGlobalSection
EndGlobal
